
Microsoft Visual Studio Solution File, Format Version 12.00
# Visual Studio Version 17
VisualStudioVersion = 17.10.34916.146
MinimumVisualStudioVersion = 10.0.40219.1
Project("{9A19103F-16F7-4668-BE54-9A1E7A4F7556}") = "ProjetoFinalBackend.Api", "ProjetoFinalBackend\ProjetoFinalBackend.Api.csproj", "{10BDFAD4-EA11-4BB1-BF28-21E5BCCBA5A7}"
EndProject
Project("{2150E333-8FDC-42A3-9474-1A3956D46DE8}") = "src", "src", "{C41A5469-4060-491D-82D1-70E2273588CA}"
EndProject
Project("{9A19103F-16F7-4668-BE54-9A1E7A4F7556}") = "ProjetoFinalBackend.Infra.CrossCutting", "ProjetoFinalBackend.Infra.CrossCutting\ProjetoFinalBackend.Infra.CrossCutting.csproj", "{D0E8E539-3492-4DAC-9FF7-385B40807CD0}"
EndProject
Project("{9A19103F-16F7-4668-BE54-9A1E7A4F7556}") = "ProjetoFinalBackend.Infra.IoC", "ProjetoFinalBackend.IoC\ProjetoFinalBackend.Infra.IoC.csproj", "{BE1808CE-46BB-49B5-89F9-86E8572942D2}"
EndProject
Project("{9A19103F-16F7-4668-BE54-9A1E7A4F7556}") = "ProjetoFinalBackend.Domain", "ProjetoFinalBackend.Domain\ProjetoFinalBackend.Domain.csproj", "{F567A7B8-C29A-463D-93C7-33693E259BF0}"
EndProject
Project("{2150E333-8FDC-42A3-9474-1A3956D46DE8}") = "Itens de Solução", "Itens de Solução", "{18823EC0-E380-4F60-A8CC-040DE8BA8C6D}"
	ProjectSection(SolutionItems) = preProject
		comandos.txt = comandos.txt
	EndProjectSection
EndProject
Project("{9A19103F-16F7-4668-BE54-9A1E7A4F7556}") = "ProjetoFinalBackend.Application.Contracts", "ProjetoFinalBackend.Application.Contracts\ProjetoFinalBackend.Application.Contracts.csproj", "{E140D03B-98F5-491B-82DF-9B6707B5495C}"
EndProject
Project("{9A19103F-16F7-4668-BE54-9A1E7A4F7556}") = "ProjetoFinalBackend.Infra.EntityFramework", "ProjetoFinalBackend.Infra.EntityFramework\ProjetoFinalBackend.Infra.EntityFramework.csproj", "{088FBA2F-99AA-460B-A79F-EA75FE1441B5}"
EndProject
Project("{9A19103F-16F7-4668-BE54-9A1E7A4F7556}") = "Testes", "Testes\Testes.csproj", "{482BE583-3376-4E72-A2D6-15DD25F1B865}"
EndProject
Global
	GlobalSection(SolutionConfigurationPlatforms) = preSolution
		Debug|Any CPU = Debug|Any CPU
		Release|Any CPU = Release|Any CPU
	EndGlobalSection
	GlobalSection(ProjectConfigurationPlatforms) = postSolution
		{10BDFAD4-EA11-4BB1-BF28-21E5BCCBA5A7}.Debug|Any CPU.ActiveCfg = Debug|Any CPU
		{10BDFAD4-EA11-4BB1-BF28-21E5BCCBA5A7}.Debug|Any CPU.Build.0 = Debug|Any CPU
		{10BDFAD4-EA11-4BB1-BF28-21E5BCCBA5A7}.Release|Any CPU.ActiveCfg = Release|Any CPU
		{10BDFAD4-EA11-4BB1-BF28-21E5BCCBA5A7}.Release|Any CPU.Build.0 = Release|Any CPU
		{D0E8E539-3492-4DAC-9FF7-385B40807CD0}.Debug|Any CPU.ActiveCfg = Debug|Any CPU
		{D0E8E539-3492-4DAC-9FF7-385B40807CD0}.Debug|Any CPU.Build.0 = Debug|Any CPU
		{D0E8E539-3492-4DAC-9FF7-385B40807CD0}.Release|Any CPU.ActiveCfg = Release|Any CPU
		{D0E8E539-3492-4DAC-9FF7-385B40807CD0}.Release|Any CPU.Build.0 = Release|Any CPU
		{BE1808CE-46BB-49B5-89F9-86E8572942D2}.Debug|Any CPU.ActiveCfg = Debug|Any CPU
		{BE1808CE-46BB-49B5-89F9-86E8572942D2}.Debug|Any CPU.Build.0 = Debug|Any CPU
		{BE1808CE-46BB-49B5-89F9-86E8572942D2}.Release|Any CPU.ActiveCfg = Release|Any CPU
		{BE1808CE-46BB-49B5-89F9-86E8572942D2}.Release|Any CPU.Build.0 = Release|Any CPU
		{F567A7B8-C29A-463D-93C7-33693E259BF0}.Debug|Any CPU.ActiveCfg = Debug|Any CPU
		{F567A7B8-C29A-463D-93C7-33693E259BF0}.Debug|Any CPU.Build.0 = Debug|Any CPU
		{F567A7B8-C29A-463D-93C7-33693E259BF0}.Release|Any CPU.ActiveCfg = Release|Any CPU
		{F567A7B8-C29A-463D-93C7-33693E259BF0}.Release|Any CPU.Build.0 = Release|Any CPU
		{E140D03B-98F5-491B-82DF-9B6707B5495C}.Debug|Any CPU.ActiveCfg = Debug|Any CPU
		{E140D03B-98F5-491B-82DF-9B6707B5495C}.Debug|Any CPU.Build.0 = Debug|Any CPU
		{E140D03B-98F5-491B-82DF-9B6707B5495C}.Release|Any CPU.ActiveCfg = Release|Any CPU
		{E140D03B-98F5-491B-82DF-9B6707B5495C}.Release|Any CPU.Build.0 = Release|Any CPU
		{088FBA2F-99AA-460B-A79F-EA75FE1441B5}.Debug|Any CPU.ActiveCfg = Debug|Any CPU
		{088FBA2F-99AA-460B-A79F-EA75FE1441B5}.Debug|Any CPU.Build.0 = Debug|Any CPU
		{088FBA2F-99AA-460B-A79F-EA75FE1441B5}.Release|Any CPU.ActiveCfg = Release|Any CPU
		{088FBA2F-99AA-460B-A79F-EA75FE1441B5}.Release|Any CPU.Build.0 = Release|Any CPU
		{482BE583-3376-4E72-A2D6-15DD25F1B865}.Debug|Any CPU.ActiveCfg = Debug|Any CPU
		{482BE583-3376-4E72-A2D6-15DD25F1B865}.Debug|Any CPU.Build.0 = Debug|Any CPU
		{482BE583-3376-4E72-A2D6-15DD25F1B865}.Release|Any CPU.ActiveCfg = Release|Any CPU
		{482BE583-3376-4E72-A2D6-15DD25F1B865}.Release|Any CPU.Build.0 = Release|Any CPU
	EndGlobalSection
	GlobalSection(SolutionProperties) = preSolution
		HideSolutionNode = FALSE
	EndGlobalSection
	GlobalSection(NestedProjects) = preSolution
		{10BDFAD4-EA11-4BB1-BF28-21E5BCCBA5A7} = {C41A5469-4060-491D-82D1-70E2273588CA}
		{D0E8E539-3492-4DAC-9FF7-385B40807CD0} = {C41A5469-4060-491D-82D1-70E2273588CA}
		{BE1808CE-46BB-49B5-89F9-86E8572942D2} = {C41A5469-4060-491D-82D1-70E2273588CA}
		{F567A7B8-C29A-463D-93C7-33693E259BF0} = {C41A5469-4060-491D-82D1-70E2273588CA}
		{E140D03B-98F5-491B-82DF-9B6707B5495C} = {C41A5469-4060-491D-82D1-70E2273588CA}
		{088FBA2F-99AA-460B-A79F-EA75FE1441B5} = {C41A5469-4060-491D-82D1-70E2273588CA}
		{482BE583-3376-4E72-A2D6-15DD25F1B865} = {C41A5469-4060-491D-82D1-70E2273588CA}
	EndGlobalSection
	GlobalSection(ExtensibilityGlobals) = postSolution
		SolutionGuid = {04508FB5-942A-4B48-8249-382434662580}
	EndGlobalSection
EndGlobal
